
Microsoft Visual Studio Solution File, Format Version 12.00
# Visual Studio Version 16
VisualStudioVersion = 16.0.31402.337
MinimumVisualStudioVersion = 10.0.40219.1
Project("{FAE04EC0-301F-11D3-BF4B-00C04F79EFBC}") = "AcmeCaseAPI", "AcmeCaseAPI\AcmeCaseAPI.csproj", "{B8F3FF7C-6C82-426C-8BAB-9D4559C00157}"
EndProject
Project("{FAE04EC0-301F-11D3-BF4B-00C04F79EFBC}") = "AcmeCaseAPI.Application", "AcmeCaseAPI.Application\AcmeCaseAPI.Application.csproj", "{566286DD-FD72-4ADB-B3B0-B4D7BF184B94}"
EndProject
Project("{FAE04EC0-301F-11D3-BF4B-00C04F79EFBC}") = "AcmeCaseAPI.Persistence", "AcmeCaseAPI.Persistence\AcmeCaseAPI.Persistence.csproj", "{8695EA05-0F8E-45E8-9090-EC9452897391}"
EndProject
Global
	GlobalSection(SolutionConfigurationPlatforms) = preSolution
		Debug|Any CPU = Debug|Any CPU
		Release|Any CPU = Release|Any CPU
	EndGlobalSection
	GlobalSection(ProjectConfigurationPlatforms) = postSolution
		{B8F3FF7C-6C82-426C-8BAB-9D4559C00157}.Debug|Any CPU.ActiveCfg = Debug|Any CPU
		{B8F3FF7C-6C82-426C-8BAB-9D4559C00157}.Debug|Any CPU.Build.0 = Debug|Any CPU
		{B8F3FF7C-6C82-426C-8BAB-9D4559C00157}.Release|Any CPU.ActiveCfg = Release|Any CPU
		{B8F3FF7C-6C82-426C-8BAB-9D4559C00157}.Release|Any CPU.Build.0 = Release|Any CPU
		{566286DD-FD72-4ADB-B3B0-B4D7BF184B94}.Debug|Any CPU.ActiveCfg = Debug|Any CPU
		{566286DD-FD72-4ADB-B3B0-B4D7BF184B94}.Debug|Any CPU.Build.0 = Debug|Any CPU
		{566286DD-FD72-4ADB-B3B0-B4D7BF184B94}.Release|Any CPU.ActiveCfg = Release|Any CPU
		{566286DD-FD72-4ADB-B3B0-B4D7BF184B94}.Release|Any CPU.Build.0 = Release|Any CPU
		{8695EA05-0F8E-45E8-9090-EC9452897391}.Debug|Any CPU.ActiveCfg = Debug|Any CPU
		{8695EA05-0F8E-45E8-9090-EC9452897391}.Debug|Any CPU.Build.0 = Debug|Any CPU
		{8695EA05-0F8E-45E8-9090-EC9452897391}.Release|Any CPU.ActiveCfg = Release|Any CPU
		{8695EA05-0F8E-45E8-9090-EC9452897391}.Release|Any CPU.Build.0 = Release|Any CPU
	EndGlobalSection
	GlobalSection(SolutionProperties) = preSolution
		HideSolutionNode = FALSE
	EndGlobalSection
	GlobalSection(ExtensibilityGlobals) = postSolution
		SolutionGuid = {4B793A4C-0920-409B-AF16-F99C2C2DFB2B}
	EndGlobalSection
EndGlobal
